github.com/pingcap/errors v0.11.4 h1:lFuQV/oaUMGcD2tqt+01ROSmJs75VG1ToEOkZIZ4nE4=
github.com/pingcap/errors v0.11.4/go.mod h1:Oi8TUi2kEtXXLMJk9l1cGmz20kV3TaQ0usTwv5KuLY8=
github.com/pkg/errors v0.9.1 h1:FEBLx1zS214owpjy7qsBeixbURkuhQAwrK5UwLGTwt4=
github.com/pkg/errors v0.9.1/go.mod h1:bwawxfHBFNV+L2hUp1rHADufV3IMtnDRdf1r5NINEl0=
github.com/valyala/bytebufferpool v1.0.0 h1:GqA5TC/0021Y/b9FG4Oi9Mr3q7XYx6KllzawFIhcdPw=
github.com/valyala/bytebufferpool v1.0.0/go.mod h1:6bBcMArwyJ5K/AmCkWv1jt77kVWyCJ6HpOuEn7z0Csc=
github.com/widaT/httparse v0.0.0-20200527071707-8980a9cd2beb h1:tcN9sc1bVPaqoB1NxDTKG+FJcBfuwbjlwLiT/CW+pxM=
github.com/widaT/httparse v0.0.0-20200527071707-8980a9cd2beb/go.mod h1:GotUHPfGSzw9pFMkfMd80dOOETmnn99t1LaqNJIVlps=
github.com/widaT/httparse v0.0.0-20200624095608-508fe15aff31 h1:gydVRJkpeE/mjBH1iTJJhsG4W4mwRhj9CVE14pFPRig=
github.com/widaT/httparse v0.0.0-20200624095608-508fe15aff31/go.mod h1:GotUHPfGSzw9pFMkfMd80dOOETmnn99t1LaqNJIVlps=
github.com/widaT/httparse v0.0.0-20200624135641-fded79c606d4 h1:/LmLityYm3YCnzphXhEytfThV9+4vpjpnudSVLeixgk=
github.com/widaT/httparse v0.0.0-20200624135641-fded79c606d4/go.mod h1:GotUHPfGSzw9pFMkfMd80dOOETmnn99t1LaqNJIVlps=
github.com/widaT/httparse v0.0.0-20200626234402-5f7b7cd6e37c h1:XZAk/INlr7i4A49wx1eJQmSwulvpcT+wgrBctlpMCV8=
github.com/widaT/httparse v0.0.0-20200626234402-5f7b7cd6e37c/go.mod h1:GotUHPfGSzw9pFMkfMd80dOOETmnn99t1LaqNJIVlps=
